// !$*UTF8*$!
{
	archiveVersion = 1;
	classes = {
	};
	objectVersion = 56;
	objects = {

/* Begin PBXBuildFile section */
		BD1276BD2C53970200F3F8BE /* navigationstacksApp.swift in Sources */ = {isa = PBXBuildFile; fileRef = BD1276BC2C53970200F3F8BE /* navigationstacksApp.swift */; };
		BD1276BF2C53970200F3F8BE /* ContentView.swift in Sources */ = {isa = PBXBuildFile; fileRef = BD1276BE2C53970200F3F8BE /* ContentView.swift */; };
		BD1276C12C53970300F3F8BE /* Assets.xcassets in Resources */ = {isa = PBXBuildFile; fileRef = BD1276C02C53970300F3F8BE /* Assets.xcassets */; };
		BD1276C42C53970300F3F8BE /* Preview Assets.xcassets in Resources */ = {isa = PBXBuildFile; fileRef = BD1276C32C53970300F3F8BE /* Preview Assets.xcassets */; };
		BD1276CE2C53970400F3F8BE /* navigationstacksTests.swift in Sources */ = {isa = PBXBuildFile; fileRef = BD1276CD2C53970400F3F8BE /* navigationstacksTests.swift */; };
		BD1276D82C53970400F3F8BE /* navigationstacksUITests.swift in Sources */ = {isa = PBXBuildFile; fileRef = BD1276D72C53970400F3F8BE /* navigationstacksUITests.swift */; };
		BD1276DA2C53970400F3F8BE /* navigationstacksUITestsLaunchTests.swift in Sources */ = {isa = PBXBuildFile; fileRef = BD1276D92C53970400F3F8BE /* navigationstacksUITestsLaunchTests.swift */; };
		BDF524EE2C539E010067100B /* ProfilePage.swift in Sources */ = {isa = PBXBuildFile; fileRef = BDF524ED2C539E010067100B /* ProfilePage.swift */; };
/* End PBXBuildFile section */

/* Begin PBXContainerItemProxy section */
		BD1276CA2C53970400F3F8BE /* PBXContainerItemProxy */ = {
			isa = PBXContainerItemProxy;
			containerPortal = BD1276B12C53970200F3F8BE /* Project object */;
			proxyType = 1;
			remoteGlobalIDString = BD1276B82C53970200F3F8BE;
			remoteInfo = navigationstacks;
		};
		BD1276D42C53970400F3F8BE /* PBXContainerItemProxy */ = {
			isa = PBXContainerItemProxy;
			containerPortal = BD1276B12C53970200F3F8BE /* Project object */;
			proxyType = 1;
			remoteGlobalIDString = BD1276B82C53970200F3F8BE;
			remoteInfo = navigationstacks;
		};
/* End PBXContainerItemProxy section */

/* Begin PBXFileReference section */
		BD1276B92C53970200F3F8BE /* navigationstacks.app */ = {isa = PBXFileReference; explicitFileType = wrapper.application; includeInIndex = 0; path = navigationstacks.app; sourceTree = BUILT_PRODUCTS_DIR; };
		BD1276BC2C53970200F3F8BE /* navigationstacksApp.swift */ = {isa = PBXFileReference; lastKnownFileType = sourcecode.swift; path = navigationstacksApp.swift; sourceTree = "<group>"; };
		BD1276BE2C53970200F3F8BE /* ContentView.swift */ = {isa = PBXFileReference; lastKnownFileType = sourcecode.swift; path = ContentView.swift; sourceTree = "<group>"; };
		BD1276C02C53970300F3F8BE /* Assets.xcassets */ = {isa = PBXFileReference; lastKnownFileType = folder.assetcatalog; path = Assets.xcassets; sourceTree = "<group>"; };
		BD1276C32C53970300F3F8BE /* Preview Assets.xcassets */ = {isa = PBXFileReference; lastKnownFileType = folder.assetcatalog; path = "Preview Assets.xcassets"; sourceTree = "<group>"; };
		BD1276C92C53970400F3F8BE /* navigationstacksTests.xctest */ = {isa = PBXFileReference; explicitFileType = wrapper.cfbundle; includeInIndex = 0; path = navigationstacksTests.xctest; sourceTree = BUILT_PRODUCTS_DIR; };
		BD1276CD2C53970400F3F8BE /* navigationstacksTests.swift */ = {isa = PBXFileReference; lastKnownFileType = sourcecode.swift; path = navigationstacksTests.swift; sourceTree = "<group>"; };
		BD1276D32C53970400F3F8BE /* navigationstacksUITests.xctest */ = {isa = PBXFileReference; explicitFileType = wrapper.cfbundle; includeInIndex = 0; path = navigationstacksUITests.xctest; sourceTree = BUILT_PRODUCTS_DIR; };
		BD1276D72C53970400F3F8BE /* navigationstacksUITests.swift */ = {isa = PBXFileReference; lastKnownFileType = sourcecode.swift; path = navigationstacksUITests.swift; sourceTree = "<group>"; };
		BD1276D92C53970400F3F8BE /* navigationstacksUITestsLaunchTests.swift */ = {isa = PBXFileReference; lastKnownFileType = sourcecode.swift; path = navigationstacksUITestsLaunchTests.swift; sourceTree = "<group>"; };
		BDF524ED2C539E010067100B /* ProfilePage.swift */ = {isa = PBXFileReference; lastKnownFileType = sourcecode.swift; path = ProfilePage.swift; sourceTree = "<group>"; };
/* End PBXFileReference section */

/* Begin PBXFrameworksBuildPhase section */
		BD1276B62C53970200F3F8BE /* Frameworks */ = {
			isa = PBXFrameworksBuildPhase;
			buildActionMask = 2147483647;
			files = (
			);
			runOnlyForDeploymentPostprocessing = 0;
		};
		BD1276C62C53970400F3F8BE /* Frameworks */ = {
			isa = PBXFrameworksBuildPhase;
			buildActionMask = 2147483647;
			files = (
			);
			runOnlyForDeploymentPostprocessing = 0;
		};
		BD1276D02C53970400F3F8BE /* Frameworks */ = {
			isa = PBXFrameworksBuildPhase;
			buildActionMask = 2147483647;
			files = (
			);
			runOnlyForDeploymentPostprocessing = 0;
		};
/* End PBXFrameworksBuildPhase section */

/* Begin PBXGroup section */
		BD1276B02C53970200F3F8BE = {
			isa = PBXGroup;
			children = (
				BD1276BB2C53970200F3F8BE /* navigationstacks */,
				BD1276CC2C53970400F3F8BE /* navigationstacksTests */,
				BD1276D62C53970400F3F8BE /* navigationstacksUITests */,
				BD1276BA2C53970200F3F8BE /* Products */,
			);
			sourceTree = "<group>";
		};
		BD1276BA2C53970200F3F8BE /* Products */ = {
			isa = PBXGroup;
			children = (
				BD1276B92C53970200F3F8BE /* navigationstacks.app */,
				BD1276C92C53970400F3F8BE /* navigationstacksTests.xctest */,
				BD1276D32C53970400F3F8BE /* navigationstacksUITests.xctest */,
			);
			name = Products;
			sourceTree = "<group>";
		};
		BD1276BB2C53970200F3F8BE /* navigationstacks */ = {
			isa = PBXGroup;
			children = (
				BD1276BC2C53970200F3F8BE /* navigationstacksApp.swift */,
				BD1276BE2C53970200F3F8BE /* ContentView.swift */,
				BDF524ED2C539E010067100B /* ProfilePage.swift */,
				BD1276C02C53970300F3F8BE /* Assets.xcassets */,
				BD1276C22C53970300F3F8BE /* Preview Content */,
			);
			path = navigationstacks;
			sourceTree = "<group>";
		};
		BD1276C22C53970300F3F8BE /* Preview Content */ = {
			isa = PBXGroup;
			children = (
				BD1276C32C53970300F3F8BE /* Preview Assets.xcassets */,
			);
			path = "Preview Content";
			sourceTree = "<group>";
		};
		BD1276CC2C53970400F3F8BE /* navigationstacksTests */ = {
			isa = PBXGroup;
			children = (
				BD1276CD2C53970400F3F8BE /* navigationstacksTests.swift */,
			);
			path = navigationstacksTests;
			sourceTree = "<group>";
		};
		BD1276D62C53970400F3F8BE /* navigationstacksUITests */ = {
			isa = PBXGroup;
			children = (
				BD1276D72C53970400F3F8BE /* navigationstacksUITests.swift */,
				BD1276D92C53970400F3F8BE /* navigationstacksUITestsLaunchTests.swift */,
			);
			path = navigationstacksUITests;
			sourceTree = "<group>";
		};
/* End PBXGroup section */

/* Begin PBXNativeTarget section */
		BD1276B82C53970200F3F8BE /* navigationstacks */ = {
			isa = PBXNativeTarget;
			buildConfigurationList = BD1276DD2C53970400F3F8BE /* Build configuration list for PBXNativeTarget "navigationstacks" */;
			buildPhases = (
				BD1276B52C53970200F3F8BE /* Sources */,
				BD1276B62C53970200F3F8BE /* Frameworks */,
				BD1276B72C53970200F3F8BE /* Resources */,
			);
			buildRules = (
			);
			dependencies = (
			);
			name = navigationstacks;
			productName = navigationstacks;
			productReference = BD1276B92C53970200F3F8BE /* navigationstacks.app */;
			productType = "com.apple.product-type.application";
		};
		BD1276C82C53970400F3F8BE /* navigationstacksTests */ = {
			isa = PBXNativeTarget;
			buildConfigurationList = BD1276E02C53970400F3F8BE /* Build configuration list for PBXNativeTarget "navigationstacksTests" */;
			buildPhases = (
				BD1276C52C53970400F3F8BE /* Sources */,
				BD1276C62C53970400F3F8BE /* Frameworks */,
				BD1276C72C53970400F3F8BE /* Resources */,
			);
			buildRules = (
			);
			dependencies = (
				BD1276CB2C53970400F3F8BE /* PBXTargetDependency */,
			);
			name = navigationstacksTests;
			productName = navigationstacksTests;
			productReference = BD1276C92C53970400F3F8BE /* navigationstacksTests.xctest */;
			productType = "com.apple.product-type.bundle.unit-test";
		};
		BD1276D22C53970400F3F8BE /* navigationstacksUITests */ = {
			isa = PBXNativeTarget;
			buildConfigurationList = BD1276E32C53970400F3F8BE /* Build configuration list for PBXNativeTarget "navigationstacksUITests" */;
			buildPhases = (
				BD1276CF2C53970400F3F8BE /* Sources */,
				BD1276D02C53970400F3F8BE /* Frameworks */,
				BD1276D12C53970400F3F8BE /* Resources */,
			);
			buildRules = (
			);
			dependencies = (
				BD1276D52C53970400F3F8BE /* PBXTargetDependency */,
			);
			name = navigationstacksUITests;
			productName = navigationstacksUITests;
			productReference = BD1276D32C53970400F3F8BE /* navigationstacksUITests.xctest */;
			productType = "com.apple.product-type.bundle.ui-testing";
		};
/* End PBXNativeTarget section */

/* Begin PBXProject section */
		BD1276B12C53970200F3F8BE /* Project object */ = {
			isa = PBXProject;
			attributes = {
				BuildIndependentTargetsInParallel = 1;
				LastSwiftUpdateCheck = 1540;
				LastUpgradeCheck = 1540;
				TargetAttributes = {
					BD1276B82C53970200F3F8BE = {
						CreatedOnToolsVersion = 15.4;
					};
					BD1276C82C53970400F3F8BE = {
						CreatedOnToolsVersion = 15.4;
						TestTargetID = BD1276B82C53970200F3F8BE;
					};
					BD1276D22C53970400F3F8BE = {
						CreatedOnToolsVersion = 15.4;
						TestTargetID = BD1276B82C53970200F3F8BE;
					};
				};
			};
			buildConfigurationList = BD1276B42C53970200F3F8BE /* Build configuration list for PBXProject "navigationstacks" */;
			compatibilityVersion = "Xcode 14.0";
			developmentRegion = en;
			hasScannedForEncodings = 0;
			knownRegions = (
				en,
				Base,
			);
			mainGroup = BD1276B02C53970200F3F8BE;
			productRefGroup = BD1276BA2C53970200F3F8BE /* Products */;
			projectDirPath = "";
			projectRoot = "";
			targets = (
				BD1276B82C53970200F3F8BE /* navigationstacks */,
				BD1276C82C53970400F3F8BE /* navigationstacksTests */,
				BD1276D22C53970400F3F8BE /* navigationstacksUITests */,
			);
		};
/* End PBXProject section */

/* Begin PBXResourcesBuildPhase section */
		BD1276B72C53970200F3F8BE /* Resources */ = {
			isa = PBXResourcesBuildPhase;
			buildActionMask = 2147483647;
			files = (
				BD1276C42C53970300F3F8BE /* Preview Assets.xcassets in Resources */,
				BD1276C12C53970300F3F8BE /* Assets.xcassets in Resources */,
			);
			runOnlyForDeploymentPostprocessing = 0;
		};
		BD1276C72C53970400F3F8BE /* Resources */ = {
			isa = PBXResourcesBuildPhase;
			buildActionMask = 2147483647;
			files = (
			);
			runOnlyForDeploymentPostprocessing = 0;
		};
		BD1276D12C53970400F3F8BE /* Resources */ = {
			isa = PBXResourcesBuildPhase;
			buildActionMask = 2147483647;
			files = (
			);
			runOnlyForDeploymentPostprocessing = 0;
		};
/* End PBXResourcesBuildPhase section */

/* Begin PBXSourcesBuildPhase section */
		BD1276B52C53970200F3F8BE /* Sources */ = {
			isa = PBXSourcesBuildPhase;
			buildActionMask = 2147483647;
			files = (
				BD1276BF2C53970200F3F8BE /* ContentView.swift in Sources */,
				BD1276BD2C53970200F3F8BE /* navigationstacksApp.swift in Sources */,
				BDF524EE2C539E010067100B /* ProfilePage.swift in Sources */,
			);
			runOnlyForDeploymentPostprocessing = 0;
		};
		BD1276C52C53970400F3F8BE /* Sources */ = {
			isa = PBXSourcesBuildPhase;
			buildActionMask = 2147483647;
			files = (
				BD1276CE2C53970400F3F8BE /* navigationstacksTests.swift in Sources */,
			);
			runOnlyForDeploymentPostprocessing = 0;
		};
		BD1276CF2C53970400F3F8BE /* Sources */ = {
			isa = PBXSourcesBuildPhase;
			buildActionMask = 2147483647;
			files = (
				BD1276D82C53970400F3F8BE /* navigationstacksUITests.swift in Sources */,
				BD1276DA2C53970400F3F8BE /* navigationstacksUITestsLaunchTests.swift in Sources */,
			);
			runOnlyForDeploymentPostprocessing = 0;
		};
/* End PBXSourcesBuildPhase section */

/* Begin PBXTargetDependency section */
		BD1276CB2C53970400F3F8BE /* PBXTargetDependency */ = {
			isa = PBXTargetDependency;
			target = BD1276B82C53970200F3F8BE /* navigationstacks */;
			targetProxy = BD1276CA2C53970400F3F8BE /* PBXContainerItemProxy */;
		};
		BD1276D52C53970400F3F8BE /* PBXTargetDependency */ = {
			isa = PBXTargetDependency;
			target = BD1276B82C53970200F3F8BE /* navigationstacks */;
			targetProxy = BD1276D42C53970400F3F8BE /* PBXContainerItemProxy */;
		};
/* End PBXTargetDependency section */

/* Begin XCBuildConfiguration section */
		BD1276DB2C53970400F3F8BE /* Debug */ = {
			isa = XCBuildConfiguration;
			buildSettings = {
				ALWAYS_SEARCH_USER_PATHS = NO;
				ASSETCATALOG_COMPILER_GENERATE_SWIFT_ASSET_SYMBOL_EXTENSIONS = YES;
				CLANG_ANALYZER_NONNULL = YES;
				CLANG_ANALYZER_NUMBER_OBJECT_CONVERSION = YES_AGGRESSIVE;
				CLANG_CXX_LANGUAGE_STANDARD = "gnu++20";
				CLANG_ENABLE_MODULES = YES;
				CLANG_ENABLE_OBJC_ARC = YES;
				CLANG_ENABLE_OBJC_WEAK = YES;
				CLANG_WARN_BLOCK_CAPTURE_AUTORELEASING = YES;
				CLANG_WARN_BOOL_CONVERSION = YES;
				CLANG_WARN_COMMA = YES;
				CLANG_WARN_CONSTANT_CONVERSION = YES;
				CLANG_WARN_DEPRECATED_OBJC_IMPLEMENTATIONS = YES;
				CLANG_WARN_DIRECT_OBJC_ISA_USAGE = YES_ERROR;
				CLANG_WARN_DOCUMENTATION_COMMENTS = YES;
				CLANG_WARN_EMPTY_BODY = YES;
				CLANG_WARN_ENUM_CONVERSION = YES;
				CLANG_WARN_INFINITE_RECURSION = YES;
				CLANG_WARN_INT_CONVERSION = YES;
				CLANG_WARN_NON_LITERAL_NULL_CONVERSION = YES;
				CLANG_WARN_OBJC_IMPLICIT_RETAIN_SELF = YES;
				CLANG_WARN_OBJC_LITERAL_CONVERSION = YES;
				CLANG_WARN_OBJC_ROOT_CLASS = YES_ERROR;
				CLANG_WARN_QUOTED_INCLUDE_IN_FRAMEWORK_HEADER = YES;
				CLANG_WARN_RANGE_LOOP_ANALYSIS = YES;
				CLANG_WARN_STRICT_PROTOTYPES = YES;
				CLANG_WARN_SUSPICIOUS_MOVE = YES;
				CLANG_WARN_UNGUARDED_AVAILABILITY = YES_AGGRESSIVE;
				CLANG_WARN_UNREACHABLE_CODE = YES;
				CLANG_WARN__DUPLICATE_METHOD_MATCH = YES;
				COPY_PHASE_STRIP = NO;
				DEBUG_INFORMATION_FORMAT = dwarf;
				ENABLE_STRICT_OBJC_MSGSEND = YES;
				ENABLE_TESTABILITY = YES;
				ENABLE_USER_SCRIPT_SANDBOXING = YES;
				GCC_C_LANGUAGE_STANDARD = gnu17;
				GCC_DYNAMIC_NO_PIC = NO;
				GCC_NO_COMMON_BLOCKS = YES;
				GCC_OPTIMIZATION_LEVEL = 0;
				GCC_PREPROCESSOR_DEFINITIONS = (
					"DEBUG=1",
					"$(inherited)",
				);
				GCC_WARN_64_TO_32_BIT_CONVERSION = YES;
				GCC_WARN_ABOUT_RETURN_TYPE = YES_ERROR;
				GCC_WARN_UNDECLARED_SELECTOR = YES;
				GCC_WARN_UNINITIALIZED_AUTOS = YES_AGGRESSIVE;
				GCC_WARN_UNUSED_FUNCTION = YES;
				GCC_WARN_UNUSED_VARIABLE = YES;
				IPHONEOS_DEPLOYMENT_TARGET = 17.5;
				LOCALIZATION_PREFERS_STRING_CATALOGS = YES;
				MTL_ENABLE_DEBUG_INFO = INCLUDE_SOURCE;
				MTL_FAST_MATH = YES;
				ONLY_ACTIVE_ARCH = YES;
				SDKROOT = iphoneos;
				SWIFT_ACTIVE_COMPILATION_CONDITIONS = "DEBUG $(inherited)";
				SWIFT_OPTIMIZATION_LEVEL = "-Onone";
			};
			name = Debug;
		};
		BD1276DC2C53970400F3F8BE /* Release */ = {
			isa = XCBuildConfiguration;
			buildSettings = {
				ALWAYS_SEARCH_USER_PATHS = NO;
				ASSETCATALOG_COMPILER_GENERATE_SWIFT_ASSET_SYMBOL_EXTENSIONS = YES;
				CLANG_ANALYZER_NONNULL = YES;
				CLANG_ANALYZER_NUMBER_OBJECT_CONVERSION = YES_AGGRESSIVE;
				CLANG_CXX_LANGUAGE_STANDARD = "gnu++20";
				CLANG_ENABLE_MODULES = YES;
				CLANG_ENABLE_OBJC_ARC = YES;
				CLANG_ENABLE_OBJC_WEAK = YES;
				CLANG_WARN_BLOCK_CAPTURE_AUTORELEASING = YES;
				CLANG_WARN_BOOL_CONVERSION = YES;
				CLANG_WARN_COMMA = YES;
				CLANG_WARN_CONSTANT_CONVERSION = YES;
				CLANG_WARN_DEPRECATED_OBJC_IMPLEMENTATIONS = YES;
				CLANG_WARN_DIRECT_OBJC_ISA_USAGE = YES_ERROR;
				CLANG_WARN_DOCUMENTATION_COMMENTS = YES;
				CLANG_WARN_EMPTY_BODY = YES;
				CLANG_WARN_ENUM_CONVERSION = YES;
				CLANG_WARN_INFINITE_RECURSION = YES;
				CLANG_WARN_INT_CONVERSION = YES;
				CLANG_WARN_NON_LITERAL_NULL_CONVERSION = YES;
				CLANG_WARN_OBJC_IMPLICIT_RETAIN_SELF = YES;
				CLANG_WARN_OBJC_LITERAL_CONVERSION = YES;
				CLANG_WARN_OBJC_ROOT_CLASS = YES_ERROR;
				CLANG_WARN_QUOTED_INCLUDE_IN_FRAMEWORK_HEADER = YES;
				CLANG_WARN_RANGE_LOOP_ANALYSIS = YES;
				CLANG_WARN_STRICT_PROTOTYPES = YES;
				CLANG_WARN_SUSPICIOUS_MOVE = YES;
				CLANG_WARN_UNGUARDED_AVAILABILITY = YES_AGGRESSIVE;
				CLANG_WARN_UNREACHABLE_CODE = YES;
				CLANG_WARN__DUPLICATE_METHOD_MATCH = YES;
				COPY_PHASE_STRIP = NO;
				DEBUG_INFORMATION_FORMAT = "dwarf-with-dsym";
				ENABLE_NS_ASSERTIONS = NO;
				ENABLE_STRICT_OBJC_MSGSEND = YES;
				ENABLE_USER_SCRIPT_SANDBOXING = YES;
				GCC_C_LANGUAGE_STANDARD = gnu17;
				GCC_NO_COMMON_BLOCKS = YES;
				GCC_WARN_64_TO_32_BIT_CONVERSION = YES;
				GCC_WARN_ABOUT_RETURN_TYPE = YES_ERROR;
				GCC_WARN_UNDECLARED_SELECTOR = YES;
				GCC_WARN_UNINITIALIZED_AUTOS = YES_AGGRESSIVE;
				GCC_WARN_UNUSED_FUNCTION = YES;
				GCC_WARN_UNUSED_VARIABLE = YES;
				IPHONEOS_DEPLOYMENT_TARGET = 17.5;
				LOCALIZATION_PREFERS_STRING_CATALOGS = YES;
				MTL_ENABLE_DEBUG_INFO = NO;
				MTL_FAST_MATH = YES;
				SDKROOT = iphoneos;
				SWIFT_COMPILATION_MODE = wholemodule;
				VALIDATE_PRODUCT = YES;
			};
			name = Release;
		};
		BD1276DE2C53970400F3F8BE /* Debug */ = {
			isa = XCBuildConfiguration;
			buildSettings = {
				ASSETCATALOG_COMPILER_APPICON_NAME = AppIcon;
				ASSETCATALOG_COMPILER_GLOBAL_ACCENT_COLOR_NAME = AccentColor;
				CODE_SIGN_STYLE = Automatic;
				CURRENT_PROJECT_VERSION = 1;
				DEVELOPMENT_ASSET_PATHS = "\"navigationstacks/Preview Content\"";
				ENABLE_PREVIEWS = YES;
				GENERATE_INFOPLIST_FILE = YES;
				INFOPLIST_KEY_UIApplicationSceneManifest_Generation = YES;
				INFOPLIST_KEY_UIApplicationSupportsIndirectInputEvents = YES;
				INFOPLIST_KEY_UILaunchScreen_Generation = YES;
				INFOPLIST_KEY_UISupportedInterfaceOrientations_iPad = "UIInterfaceOrientationPortrait UIInterfaceOrientationPortraitUpsideDown UIInterfaceOrientationLandscapeLeft UIInterfaceOrientationLandscapeRight";
				INFOPLIST_KEY_UISupportedInterfaceOrientations_iPhone = "UIInterfaceOrientationPortrait UIInterfaceOrientationLandscapeLeft UIInterfaceOrientationLandscapeRight";
				LD_RUNPATH_SEARCH_PATHS = (
					"$(inherited)",
					"@executable_path/Frameworks",
				);
				MARKETING_VERSION = 1.0;
				PRODUCT_BUNDLE_IDENTIFIER = kwk.navigationstacks;
				PRODUCT_NAME = "$(TARGET_NAME)";
				SWIFT_EMIT_LOC_STRINGS = YES;
				SWIFT_VERSION = 5.0;
				TARGETED_DEVICE_FAMILY = "1,2";
			};
			name = Debug;
		};
		BD1276DF2C53970400F3F8BE /* Release */ = {
			isa = XCBuildConfiguration;
			buildSettings = {
				ASSETCATALOG_COMPILER_APPICON_NAME = AppIcon;
				ASSETCATALOG_COMPILER_GLOBAL_ACCENT_COLOR_NAME = AccentColor;
				CODE_SIGN_STYLE = Automatic;
				CURRENT_PROJECT_VERSION = 1;
				DEVELOPMENT_ASSET_PATHS = "\"navigationstacks/Preview Content\"";
				ENABLE_PREVIEWS = YES;
				GENERATE_INFOPLIST_FILE = YES;
				INFOPLIST_KEY_UIApplicationSceneManifest_Generation = YES;
				INFOPLIST_KEY_UIApplicationSupportsIndirectInputEvents = YES;
				INFOPLIST_KEY_UILaunchScreen_Generation = YES;
				INFOPLIST_KEY_UISupportedInterfaceOrientations_iPad = "UIInterfaceOrientationPortrait UIInterfaceOrientationPortraitUpsideDown UIInterfaceOrientationLandscapeLeft UIInterfaceOrientationLandscapeRight";
				INFOPLIST_KEY_UISupportedInterfaceOrientations_iPhone = "UIInterfaceOrientationPortrait UIInterfaceOrientationLandscapeLeft UIInterfaceOrientationLandscapeRight";
				LD_RUNPATH_SEARCH_PATHS = (
					"$(inherited)",
					"@executable_path/Frameworks",
				);
				MARKETING_VERSION = 1.0;
				PRODUCT_BUNDLE_IDENTIFIER = kwk.navigationstacks;
				PRODUCT_NAME = "$(TARGET_NAME)";
				SWIFT_EMIT_LOC_STRINGS = YES;
				SWIFT_VERSION = 5.0;
				TARGETED_DEVICE_FAMILY = "1,2";
			};
			name = Release;
		};
		BD1276E12C53970400F3F8BE /* Debug */ = {
			isa = XCBuildConfiguration;
			buildSettings = {
				ALWAYS_EMBED_SWIFT_STANDARD_LIBRARIES = YES;
				BUNDLE_LOADER = "$(TEST_HOST)";
				CODE_SIGN_STYLE = Automatic;
				CURRENT_PROJECT_VERSION = 1;
				GENERATE_INFOPLIST_FILE = YES;
				IPHONEOS_DEPLOYMENT_TARGET = 17.5;
				MARKETING_VERSION = 1.0;
				PRODUCT_BUNDLE_IDENTIFIER = kwk.navigationstacksTests;
				PRODUCT_NAME = "$(TARGET_NAME)";
				SWIFT_EMIT_LOC_STRINGS = NO;
				SWIFT_VERSION = 5.0;
				TARGETED_DEVICE_FAMILY = "1,2";
				TEST_HOST = "$(BUILT_PRODUCTS_DIR)/navigationstacks.app/$(BUNDLE_EXECUTABLE_FOLDER_PATH)/navigationstacks";
			};
			name = Debug;
		};
		BD1276E22C53970400F3F8BE /* Release */ = {
			isa = XCBuildConfiguration;
			buildSettings = {
				ALWAYS_EMBED_SWIFT_STANDARD_LIBRARIES = YES;
				BUNDLE_LOADER = "$(TEST_HOST)";
				CODE_SIGN_STYLE = Automatic;
				CURRENT_PROJECT_VERSION = 1;
				GENERATE_INFOPLIST_FILE = YES;
				IPHONEOS_DEPLOYMENT_TARGET = 17.5;
				MARKETING_VERSION = 1.0;
				PRODUCT_BUNDLE_IDENTIFIER = kwk.navigationstacksTests;
				PRODUCT_NAME = "$(TARGET_NAME)";
				SWIFT_EMIT_LOC_STRINGS = NO;
				SWIFT_VERSION = 5.0;
				TARGETED_DEVICE_FAMILY = "1,2";
				TEST_HOST = "$(BUILT_PRODUCTS_DIR)/navigationstacks.app/$(BUNDLE_EXECUTABLE_FOLDER_PATH)/navigationstacks";
			};
			name = Release;
		};
		BD1276E42C53970400F3F8BE /* Debug */ = {
			isa = XCBuildConfiguration;
			buildSettings = {
				ALWAYS_EMBED_SWIFT_STANDARD_LIBRARIES = YES;
				CODE_SIGN_STYLE = Automatic;
				CURRENT_PROJECT_VERSION = 1;
				GENERATE_INFOPLIST_FILE = YES;
				MARKETING_VERSION = 1.0;
				PRODUCT_BUNDLE_IDENTIFIER = kwk.navigationstacksUITests;
				PRODUCT_NAME = "$(TARGET_NAME)";
				SWIFT_EMIT_LOC_STRINGS = NO;
				SWIFT_VERSION = 5.0;
				TARGETED_DEVICE_FAMILY = "1,2";
				TEST_TARGET_NAME = navigationstacks;
			};
			name = Debug;
		};
		BD1276E52C53970400F3F8BE /* Release */ = {
			isa = XCBuildConfiguration;
			buildSettings = {
				ALWAYS_EMBED_SWIFT_STANDARD_LIBRARIES = YES;
				CODE_SIGN_STYLE = Automatic;
				CURRENT_PROJECT_VERSION = 1;
				GENERATE_INFOPLIST_FILE = YES;
				MARKETING_VERSION = 1.0;
				PRODUCT_BUNDLE_IDENTIFIER = kwk.navigationstacksUITests;
				PRODUCT_NAME = "$(TARGET_NAME)";
				SWIFT_EMIT_LOC_STRINGS = NO;
				SWIFT_VERSION = 5.0;
				TARGETED_DEVICE_FAMILY = "1,2";
				TEST_TARGET_NAME = navigationstacks;
			};
			name = Release;
		};
/* End XCBuildConfiguration section */

/* Begin XCConfigurationList section */
		BD1276B42C53970200F3F8BE /* Build configuration list for PBXProject "navigationstacks" */ = {
			isa = XCConfigurationList;
			buildConfigurations = (
				BD1276DB2C53970400F3F8BE /* Debug */,
				BD1276DC2C53970400F3F8BE /* Release */,
			);
			defaultConfigurationIsVisible = 0;
			defaultConfigurationName = Release;
		};
		BD1276DD2C53970400F3F8BE /* Build configuration list for PBXNativeTarget "navigationstacks" */ = {
			isa = XCConfigurationList;
			buildConfigurations = (
				BD1276DE2C53970400F3F8BE /* Debug */,
				BD1276DF2C53970400F3F8BE /* Release */,
			);
			defaultConfigurationIsVisible = 0;
			defaultConfigurationName = Release;
		};
		BD1276E02C53970400F3F8BE /* Build configuration list for PBXNativeTarget "navigationstacksTests" */ = {
			isa = XCConfigurationList;
			buildConfigurations = (
				BD1276E12C53970400F3F8BE /* Debug */,
				BD1276E22C53970400F3F8BE /* Release */,
			);
			defaultConfigurationIsVisible = 0;
			defaultConfigurationName = Release;
		};
		BD1276E32C53970400F3F8BE /* Build configuration list for PBXNativeTarget "navigationstacksUITests" */ = {
			isa = XCConfigurationList;
			buildConfigurations = (
				BD1276E42C53970400F3F8BE /* Debug */,
				BD1276E52C53970400F3F8BE /* Release */,
			);
			defaultConfigurationIsVisible = 0;
			defaultConfigurationName = Release;
		};
/* End XCConfigurationList section */
	};
	rootObject = BD1276B12C53970200F3F8BE /* Project object */;
}
